
Microsoft Visual Studio Solution File, Format Version 12.00
# Visual Studio 2012
Project("{FAE04EC0-301F-11D3-BF4B-00C04F79EFBC}") = "web1", "web1\web1.csproj", "{5E8EC2B1-824E-4816-87CD-FFF9B9B43575}"
EndProject
Project("{FAE04EC0-301F-11D3-BF4B-00C04F79EFBC}") = "Geolocation", "web2\Geolocation.csproj", "{A73C91F4-7906-4076-9955-D447BE2444A5}"
EndProject
Global
	GlobalSection(SolutionConfigurationPlatforms) = preSolution
		Debug|Any CPU = Debug|Any CPU
		Release|Any CPU = Release|Any CPU
	EndGlobalSection
	GlobalSection(ProjectConfigurationPlatforms) = postSolution
		{5E8EC2B1-824E-4816-87CD-FFF9B9B43575}.Debug|Any CPU.ActiveCfg = Debug|Any CPU
		{5E8EC2B1-824E-4816-87CD-FFF9B9B43575}.Debug|Any CPU.Build.0 = Debug|Any CPU
		{5E8EC2B1-824E-4816-87CD-FFF9B9B43575}.Release|Any CPU.ActiveCfg = Release|Any CPU
		{5E8EC2B1-824E-4816-87CD-FFF9B9B43575}.Release|Any CPU.Build.0 = Release|Any CPU
		{A73C91F4-7906-4076-9955-D447BE2444A5}.Debug|Any CPU.ActiveCfg = Debug|Any CPU
		{A73C91F4-7906-4076-9955-D447BE2444A5}.Debug|Any CPU.Build.0 = Debug|Any CPU
		{A73C91F4-7906-4076-9955-D447BE2444A5}.Release|Any CPU.ActiveCfg = Release|Any CPU
		{A73C91F4-7906-4076-9955-D447BE2444A5}.Release|Any CPU.Build.0 = Release|Any CPU
	EndGlobalSection
	GlobalSection(SolutionProperties) = preSolution
		HideSolutionNode = FALSE
	EndGlobalSection
EndGlobal
